// !$*UTF8*$!
{
	archiveVersion = 1;
	classes = {
	};
	objectVersion = 46;
	objects = {

/* Begin PBXBuildFile section */
		FC474B6516A0238200A10008 /* UIKit.framework in Frameworks */ = {isa = PBXBuildFile; fileRef = FC474B6416A0238200A10008 /* UIKit.framework */; };
		FC474B6716A0238200A10008 /* Foundation.framework in Frameworks */ = {isa = PBXBuildFile; fileRef = FC474B6616A0238200A10008 /* Foundation.framework */; };
		FC474B6916A0238200A10008 /* CoreGraphics.framework in Frameworks */ = {isa = PBXBuildFile; fileRef = FC474B6816A0238200A10008 /* CoreGraphics.framework */; };
		FC474B6F16A0238200A10008 /* InfoPlist.strings in Resources */ = {isa = PBXBuildFile; fileRef = FC474B6D16A0238200A10008 /* InfoPlist.strings */; };
		FC474B7116A0238200A10008 /* main.m in Sources */ = {isa = PBXBuildFile; fileRef = FC474B7016A0238200A10008 /* main.m */; };
		FC474B7516A0238200A10008 /* UDAppDelegate.m in Sources */ = {isa = PBXBuildFile; fileRef = FC474B7416A0238200A10008 /* UDAppDelegate.m */; };
		FC474B7716A0238200A10008 /* Default.png in Resources */ = {isa = PBXBuildFile; fileRef = FC474B7616A0238200A10008 /* Default.png */; };
		FC474B7916A0238200A10008 /* Default@2x.png in Resources */ = {isa = PBXBuildFile; fileRef = FC474B7816A0238200A10008 /* Default@2x.png */; };
		FC474B7B16A0238200A10008 /* Default-568h@2x.png in Resources */ = {isa = PBXBuildFile; fileRef = FC474B7A16A0238200A10008 /* Default-568h@2x.png */; };
		FC474B7E16A0238200A10008 /* UDViewController.m in Sources */ = {isa = PBXBuildFile; fileRef = FC474B7D16A0238200A10008 /* UDViewController.m */; };
		FC474B8116A0238200A10008 /* UDViewController.xib in Resources */ = {isa = PBXBuildFile; fileRef = FC474B7F16A0238200A10008 /* UDViewController.xib */; };
/* End PBXBuildFile section */

/* Begin PBXFileReference section */
		FC474B6016A0238200A10008 /* UrduTextManipulater.app */ = {isa = PBXFileReference; explicitFileType = wrapper.application; includeInIndex = 0; path = UrduTextManipulater.app; sourceTree = BUILT_PRODUCTS_DIR; };
		FC474B6416A0238200A10008 /* UIKit.framework */ = {isa = PBXFileReference; lastKnownFileType = wrapper.framework; name = UIKit.framework; path = System/Library/Frameworks/UIKit.framework; sourceTree = SDKROOT; };
		FC474B6616A0238200A10008 /* Foundation.framework */ = {isa = PBXFileReference; lastKnownFileType = wrapper.framework; name = Foundation.framework; path = System/Library/Frameworks/Foundation.framework; sourceTree = SDKROOT; };
		FC474B6816A0238200A10008 /* CoreGraphics.framework */ = {isa = PBXFileReference; lastKnownFileType = wrapper.framework; name = CoreGraphics.framework; path = System/Library/Frameworks/CoreGraphics.framework; sourceTree = SDKROOT; };
		FC474B6C16A0238200A10008 /* UrduTextManipulater-Info.plist */ = {isa = PBXFileReference; lastKnownFileType = text.plist.xml; path = "UrduTextManipulater-Info.plist"; sourceTree = "<group>"; };
		FC474B6E16A0238200A10008 /* en */ = {isa = PBXFileReference; lastKnownFileType = text.plist.strings; name = en; path = en.lproj/InfoPlist.strings; sourceTree = "<group>"; };
		FC474B7016A0238200A10008 /* main.m */ = {isa = PBXFileReference; lastKnownFileType = sourcecode.c.objc; path = main.m; sourceTree = "<group>"; };
		FC474B7216A0238200A10008 /* UrduTextManipulater-Prefix.pch */ = {isa = PBXFileReference; lastKnownFileType = sourcecode.c.h; path = "UrduTextManipulater-Prefix.pch"; sourceTree = "<group>"; };
		FC474B7316A0238200A10008 /* UDAppDelegate.h */ = {isa = PBXFileReference; lastKnownFileType = sourcecode.c.h; path = UDAppDelegate.h; sourceTree = "<group>"; };
		FC474B7416A0238200A10008 /* UDAppDelegate.m */ = {isa = PBXFileReference; lastKnownFileType = sourcecode.c.objc; path = UDAppDelegate.m; sourceTree = "<group>"; };
		FC474B7616A0238200A10008 /* Default.png */ = {isa = PBXFileReference; lastKnownFileType = image.png; path = Default.png; sourceTree = "<group>"; };
		FC474B7816A0238200A10008 /* Default@2x.png */ = {isa = PBXFileReference; lastKnownFileType = image.png; path = "Default@2x.png"; sourceTree = "<group>"; };
		FC474B7A16A0238200A10008 /* Default-568h@2x.png */ = {isa = PBXFileReference; lastKnownFileType = image.png; path = "Default-568h@2x.png"; sourceTree = "<group>"; };
		FC474B7C16A0238200A10008 /* UDViewController.h */ = {isa = PBXFileReference; lastKnownFileType = sourcecode.c.h; path = UDViewController.h; sourceTree = "<group>"; };
		FC474B7D16A0238200A10008 /* UDViewController.m */ = {isa = PBXFileReference; lastKnownFileType = sourcecode.c.objc; path = UDViewController.m; sourceTree = "<group>"; };
		FC474B8016A0238200A10008 /* en */ = {isa = PBXFileReference; lastKnownFileType = file.xib; name = en; path = en.lproj/UDViewController.xib; sourceTree = "<group>"; };
/* End PBXFileReference section */

/* Begin PBXFrameworksBuildPhase section */
		FC474B5D16A0238200A10008 /* Frameworks */ = {
			isa = PBXFrameworksBuildPhase;
			buildActionMask = 2147483647;
			files = (
				FC474B6516A0238200A10008 /* UIKit.framework in Frameworks */,
				FC474B6716A0238200A10008 /* Foundation.framework in Frameworks */,
				FC474B6916A0238200A10008 /* CoreGraphics.framework in Frameworks */,
			);
			runOnlyForDeploymentPostprocessing = 0;
		};
/* End PBXFrameworksBuildPhase section */

/* Begin PBXGroup section */
		FC474B5516A0238100A10008 = {
			isa = PBXGroup;
			children = (
				FC474B6A16A0238200A10008 /* UrduTextManipulater */,
				FC474B6316A0238200A10008 /* Frameworks */,
				FC474B6116A0238200A10008 /* Products */,
			);
			sourceTree = "<group>";
		};
		FC474B6116A0238200A10008 /* Products */ = {
			isa = PBXGroup;
			children = (
				FC474B6016A0238200A10008 /* UrduTextManipulater.app */,
			);
			name = Products;
			sourceTree = "<group>";
		};
		FC474B6316A0238200A10008 /* Frameworks */ = {
			isa = PBXGroup;
			children = (
				FC474B6416A0238200A10008 /* UIKit.framework */,
				FC474B6616A0238200A10008 /* Foundation.framework */,
				FC474B6816A0238200A10008 /* CoreGraphics.framework */,
			);
			name = Frameworks;
			sourceTree = "<group>";
		};
		FC474B6A16A0238200A10008 /* UrduTextManipulater */ = {
			isa = PBXGroup;
			children = (
				FC474B7316A0238200A10008 /* UDAppDelegate.h */,
				FC474B7416A0238200A10008 /* UDAppDelegate.m */,
				FC474B7C16A0238200A10008 /* UDViewController.h */,
				FC474B7D16A0238200A10008 /* UDViewController.m */,
				FC474B7F16A0238200A10008 /* UDViewController.xib */,
				FC474B6B16A0238200A10008 /* Supporting Files */,
			);
			path = UrduTextManipulater;
			sourceTree = "<group>";
		};
		FC474B6B16A0238200A10008 /* Supporting Files */ = {
			isa = PBXGroup;
			children = (
				FC474B6C16A0238200A10008 /* UrduTextManipulater-Info.plist */,
				FC474B6D16A0238200A10008 /* InfoPlist.strings */,
				FC474B7016A0238200A10008 /* main.m */,
				FC474B7216A0238200A10008 /* UrduTextManipulater-Prefix.pch */,
				FC474B7616A0238200A10008 /* Default.png */,
				FC474B7816A0238200A10008 /* Default@2x.png */,
				FC474B7A16A0238200A10008 /* Default-568h@2x.png */,
			);
			name = "Supporting Files";
			sourceTree = "<group>";
		};
/* End PBXGroup section */

/* Begin PBXNativeTarget section */
		FC474B5F16A0238200A10008 /* UrduTextManipulater */ = {
			isa = PBXNativeTarget;
			buildConfigurationList = FC474B8416A0238200A10008 /* Build configuration list for PBXNativeTarget "UrduTextManipulater" */;
			buildPhases = (
				FC474B5C16A0238200A10008 /* Sources */,
				FC474B5D16A0238200A10008 /* Frameworks */,
				FC474B5E16A0238200A10008 /* Resources */,
			);
			buildRules = (
			);
			dependencies = (
			);
			name = UrduTextManipulater;
			productName = UrduTextManipulater;
			productReference = FC474B6016A0238200A10008 /* UrduTextManipulater.app */;
			productType = "com.apple.product-type.application";
		};
/* End PBXNativeTarget section */

/* Begin PBXProject section */
		FC474B5716A0238100A10008 /* Project object */ = {
			isa = PBXProject;
			attributes = {
				CLASSPREFIX = UD;
				LastUpgradeCheck = 0450;
				ORGANIZATIONNAME = BrainiacsTech;
			};
			buildConfigurationList = FC474B5A16A0238100A10008 /* Build configuration list for PBXProject "UrduTextManipulater" */;
			compatibilityVersion = "Xcode 3.2";
			developmentRegion = English;
			hasScannedForEncodings = 0;
			knownRegions = (
				en,
			);
			mainGroup = FC474B5516A0238100A10008;
			productRefGroup = FC474B6116A0238200A10008 /* Products */;
			projectDirPath = "";
			projectRoot = "";
			targets = (
				FC474B5F16A0238200A10008 /* UrduTextManipulater */,
			);
		};
/* End PBXProject section */

/* Begin PBXResourcesBuildPhase section */
		FC474B5E16A0238200A10008 /* Resources */ = {
			isa = PBXResourcesBuildPhase;
			buildActionMask = 2147483647;
			files = (
				FC474B6F16A0238200A10008 /* InfoPlist.strings in Resources */,
				FC474B7716A0238200A10008 /* Default.png in Resources */,
				FC474B7916A0238200A10008 /* Default@2x.png in Resources */,
				FC474B7B16A0238200A10008 /* Default-568h@2x.png in Resources */,
				FC474B8116A0238200A10008 /* UDViewController.xib in Resources */,
			);
			runOnlyForDeploymentPostprocessing = 0;
		};
/* End PBXResourcesBuildPhase section */

/* Begin PBXSourcesBuildPhase section */
		FC474B5C16A0238200A10008 /* Sources */ = {
			isa = PBXSourcesBuildPhase;
			buildActionMask = 2147483647;
			files = (
				FC474B7116A0238200A10008 /* main.m in Sources */,
				FC474B7516A0238200A10008 /* UDAppDelegate.m in Sources */,
				FC474B7E16A0238200A10008 /* UDViewController.m in Sources */,
			);
			runOnlyForDeploymentPostprocessing = 0;
		};
/* End PBXSourcesBuildPhase section */

/* Begin PBXVariantGroup section */
		FC474B6D16A0238200A10008 /* InfoPlist.strings */ = {
			isa = PBXVariantGroup;
			children = (
				FC474B6E16A0238200A10008 /* en */,
			);
			name = InfoPlist.strings;
			sourceTree = "<group>";
		};
		FC474B7F16A0238200A10008 /* UDViewController.xib */ = {
			isa = PBXVariantGroup;
			children = (
				FC474B8016A0238200A10008 /* en */,
			);
			name = UDViewController.xib;
			sourceTree = "<group>";
		};
/* End PBXVariantGroup section */

/* Begin XCBuildConfiguration section */
		FC474B8216A0238200A10008 /* Debug */ = {
			isa = XCBuildConfiguration;
			buildSettings = {
				ALWAYS_SEARCH_USER_PATHS = NO;
				CLANG_CXX_LANGUAGE_STANDARD = "gnu++0x";
				CLANG_CXX_LIBRARY = "libc++";
				CLANG_WARN_EMPTY_BODY = YES;
				CLANG_WARN__DUPLICATE_METHOD_MATCH = YES;
				"CODE_SIGN_IDENTITY[sdk=iphoneos*]" = "iPhone Developer";
				COPY_PHASE_STRIP = NO;
				GCC_C_LANGUAGE_STANDARD = gnu99;
				GCC_DYNAMIC_NO_PIC = NO;
				GCC_OPTIMIZATION_LEVEL = 0;
				GCC_PREPROCESSOR_DEFINITIONS = (
					"DEBUG=1",
					"$(inherited)",
				);
				GCC_SYMBOLS_PRIVATE_EXTERN = NO;
				GCC_WARN_ABOUT_RETURN_TYPE = YES;
				GCC_WARN_UNINITIALIZED_AUTOS = YES;
				GCC_WARN_UNUSED_VARIABLE = YES;
				IPHONEOS_DEPLOYMENT_TARGET = 6.0;
				SDKROOT = iphoneos;
			};
			name = Debug;
		};
		FC474B8316A0238200A10008 /* Release */ = {
			isa = XCBuildConfiguration;
			buildSettings = {
				ALWAYS_SEARCH_USER_PATHS = NO;
				CLANG_CXX_LANGUAGE_STANDARD = "gnu++0x";
				CLANG_CXX_LIBRARY = "libc++";
				CLANG_WARN_EMPTY_BODY = YES;
				CLANG_WARN__DUPLICATE_METHOD_MATCH = YES;
				"CODE_SIGN_IDENTITY[sdk=iphoneos*]" = "iPhone Developer";
				COPY_PHASE_STRIP = YES;
				GCC_C_LANGUAGE_STANDARD = gnu99;
				GCC_WARN_ABOUT_RETURN_TYPE = YES;
				GCC_WARN_UNINITIALIZED_AUTOS = YES;
				GCC_WARN_UNUSED_VARIABLE = YES;
				IPHONEOS_DEPLOYMENT_TARGET = 6.0;
				OTHER_CFLAGS = "-DNS_BLOCK_ASSERTIONS=1";
				SDKROOT = iphoneos;
				VALIDATE_PRODUCT = YES;
			};
			name = Release;
		};
		FC474B8516A0238200A10008 /* Debug */ = {
			isa = XCBuildConfiguration;
			buildSettings = {
				GCC_PRECOMPILE_PREFIX_HEADER = YES;
				GCC_PREFIX_HEADER = "UrduTextManipulater/UrduTextManipulater-Prefix.pch";
				INFOPLIST_FILE = "UrduTextManipulater/UrduTextManipulater-Info.plist";
				PRODUCT_NAME = "$(TARGET_NAME)";
				WRAPPER_EXTENSION = app;
			};
			name = Debug;
		};
		FC474B8616A0238200A10008 /* Release */ = {
			isa = XCBuildConfiguration;
			buildSettings = {
				GCC_PRECOMPILE_PREFIX_HEADER = YES;
				GCC_PREFIX_HEADER = "UrduTextManipulater/UrduTextManipulater-Prefix.pch";
				INFOPLIST_FILE = "UrduTextManipulater/UrduTextManipulater-Info.plist";
				PRODUCT_NAME = "$(TARGET_NAME)";
				WRAPPER_EXTENSION = app;
			};
			name = Release;
		};
/* End XCBuildConfiguration section */

/* Begin XCConfigurationList section */
		FC474B5A16A0238100A10008 /* Build configuration list for PBXProject "UrduTextManipulater" */ = {
			isa = XCConfigurationList;
			buildConfigurations = (
				FC474B8216A0238200A10008 /* Debug */,
				FC474B8316A0238200A10008 /* Release */,
			);
			defaultConfigurationIsVisible = 0;
			defaultConfigurationName = Release;
		};
		FC474B8416A0238200A10008 /* Build configuration list for PBXNativeTarget "UrduTextManipulater" */ = {
			isa = XCConfigurationList;
			buildConfigurations = (
				FC474B8516A0238200A10008 /* Debug */,
				FC474B8616A0238200A10008 /* Release */,
			);
			defaultConfigurationIsVisible = 0;
		};
/* End XCConfigurationList section */
	};
	rootObject = FC474B5716A0238100A10008 /* Project object */;
}
